
Microsoft Visual Studio Solution File, Format Version 12.00
# Visual Studio Version 17
VisualStudioVersion = 17.10.34928.147
MinimumVisualStudioVersion = 10.0.40219.1
Project("{9A19103F-16F7-4668-BE54-9A1E7A4F7556}") = "AsiaFridge.Ul", "AsiaFridge.Ul\AsiaFridge.Ul.csproj", "{EEBD2BFF-E772-4FC6-A21B-06DC403E39C6}"
EndProject
Project("{9A19103F-16F7-4668-BE54-9A1E7A4F7556}") = "AsiaFridge.Data", "AsiaFridge.Data\AsiaFridge.Data.csproj", "{33DF6557-8A37-4E3F-8EBE-0E07451713A8}"
EndProject
Global
	GlobalSection(SolutionConfigurationPlatforms) = preSolution
		Debug|Any CPU = Debug|Any CPU
		Release|Any CPU = Release|Any CPU
	EndGlobalSection
	GlobalSection(ProjectConfigurationPlatforms) = postSolution
		{EEBD2BFF-E772-4FC6-A21B-06DC403E39C6}.Debug|Any CPU.ActiveCfg = Debug|Any CPU
		{EEBD2BFF-E772-4FC6-A21B-06DC403E39C6}.Debug|Any CPU.Build.0 = Debug|Any CPU
		{EEBD2BFF-E772-4FC6-A21B-06DC403E39C6}.Release|Any CPU.ActiveCfg = Release|Any CPU
		{EEBD2BFF-E772-4FC6-A21B-06DC403E39C6}.Release|Any CPU.Build.0 = Release|Any CPU
		{33DF6557-8A37-4E3F-8EBE-0E07451713A8}.Debug|Any CPU.ActiveCfg = Debug|Any CPU
		{33DF6557-8A37-4E3F-8EBE-0E07451713A8}.Debug|Any CPU.Build.0 = Debug|Any CPU
		{33DF6557-8A37-4E3F-8EBE-0E07451713A8}.Release|Any CPU.ActiveCfg = Release|Any CPU
		{33DF6557-8A37-4E3F-8EBE-0E07451713A8}.Release|Any CPU.Build.0 = Release|Any CPU
	EndGlobalSection
	GlobalSection(SolutionProperties) = preSolution
		HideSolutionNode = FALSE
	EndGlobalSection
	GlobalSection(ExtensibilityGlobals) = postSolution
		SolutionGuid = {708E6DC0-05DA-4B5C-855F-674A7F03CFB3}
	EndGlobalSection
EndGlobal
